
Microsoft Visual Studio Solution File, Format Version 12.00
# Visual Studio Version 16
VisualStudioVersion = 16.0.30104.148
MinimumVisualStudioVersion = 10.0.40219.1
Project("{FAE04EC0-301F-11D3-BF4B-00C04F79EFBC}") = "Class4DemoCode", "Class4DemoCode\Class4DemoCode.csproj", "{E54E2A56-EECD-4AF4-A177-ADC076589DE6}"
EndProject
Global
	GlobalSection(SolutionConfigurationPlatforms) = preSolution
		Debug|Any CPU = Debug|Any CPU
		Release|Any CPU = Release|Any CPU
	EndGlobalSection
	GlobalSection(ProjectConfigurationPlatforms) = postSolution
		{E54E2A56-EECD-4AF4-A177-ADC076589DE6}.Debug|Any CPU.ActiveCfg = Debug|Any CPU
		{E54E2A56-EECD-4AF4-A177-ADC076589DE6}.Debug|Any CPU.Build.0 = Debug|Any CPU
		{E54E2A56-EECD-4AF4-A177-ADC076589DE6}.Release|Any CPU.ActiveCfg = Release|Any CPU
		{E54E2A56-EECD-4AF4-A177-ADC076589DE6}.Release|Any CPU.Build.0 = Release|Any CPU
	EndGlobalSection
	GlobalSection(SolutionProperties) = preSolution
		HideSolutionNode = FALSE
	EndGlobalSection
	GlobalSection(ExtensibilityGlobals) = postSolution
		SolutionGuid = {96BCC555-5E1A-429E-9CA6-E06185E87DAF}
	EndGlobalSection
EndGlobal
