
Microsoft Visual Studio Solution File, Format Version 12.00
# Visual Studio Version 16
VisualStudioVersion = 16.0.30011.22
MinimumVisualStudioVersion = 10.0.40219.1
Project("{9A19103F-16F7-4668-BE54-9A1E7A4F7556}") = "Class3DemoCode", "Class3DemoCode\Class3DemoCode.csproj", "{C1D32B61-55E5-4FFA-AF5D-3C932759DB6A}"
EndProject
Project("{9A19103F-16F7-4668-BE54-9A1E7A4F7556}") = "StringDemo", "StringDemo\StringDemo.csproj", "{C15326DF-C8EF-4154-AE6D-A26C10F1F783}"
EndProject
Project("{9A19103F-16F7-4668-BE54-9A1E7A4F7556}") = "InClassExc02", "InClassExc02\InClassExc02.csproj", "{9C160F20-35E4-4DE2-93A5-CF35F4D8ACA2}"
EndProject
Project("{FAE04EC0-301F-11D3-BF4B-00C04F79EFBC}") = "FunctionsDemoCode", "FunctionsDemoCode\FunctionsDemoCode.csproj", "{DDE88DB0-A318-4939-AB39-28139D09BC5D}"
EndProject
Project("{FAE04EC0-301F-11D3-BF4B-00C04F79EFBC}") = "DelegatesDemo", "DelegatesDemo\DelegatesDemo.csproj", "{0756BFDA-EE0C-478F-A9D7-134E6BC3CBDC}"
EndProject
Global
	GlobalSection(SolutionConfigurationPlatforms) = preSolution
		Debug|Any CPU = Debug|Any CPU
		Release|Any CPU = Release|Any CPU
	EndGlobalSection
	GlobalSection(ProjectConfigurationPlatforms) = postSolution
		{C1D32B61-55E5-4FFA-AF5D-3C932759DB6A}.Debug|Any CPU.ActiveCfg = Debug|Any CPU
		{C1D32B61-55E5-4FFA-AF5D-3C932759DB6A}.Debug|Any CPU.Build.0 = Debug|Any CPU
		{C1D32B61-55E5-4FFA-AF5D-3C932759DB6A}.Release|Any CPU.ActiveCfg = Release|Any CPU
		{C1D32B61-55E5-4FFA-AF5D-3C932759DB6A}.Release|Any CPU.Build.0 = Release|Any CPU
		{C15326DF-C8EF-4154-AE6D-A26C10F1F783}.Debug|Any CPU.ActiveCfg = Debug|Any CPU
		{C15326DF-C8EF-4154-AE6D-A26C10F1F783}.Debug|Any CPU.Build.0 = Debug|Any CPU
		{C15326DF-C8EF-4154-AE6D-A26C10F1F783}.Release|Any CPU.ActiveCfg = Release|Any CPU
		{C15326DF-C8EF-4154-AE6D-A26C10F1F783}.Release|Any CPU.Build.0 = Release|Any CPU
		{9C160F20-35E4-4DE2-93A5-CF35F4D8ACA2}.Debug|Any CPU.ActiveCfg = Debug|Any CPU
		{9C160F20-35E4-4DE2-93A5-CF35F4D8ACA2}.Debug|Any CPU.Build.0 = Debug|Any CPU
		{9C160F20-35E4-4DE2-93A5-CF35F4D8ACA2}.Release|Any CPU.ActiveCfg = Release|Any CPU
		{9C160F20-35E4-4DE2-93A5-CF35F4D8ACA2}.Release|Any CPU.Build.0 = Release|Any CPU
		{DDE88DB0-A318-4939-AB39-28139D09BC5D}.Debug|Any CPU.ActiveCfg = Debug|Any CPU
		{DDE88DB0-A318-4939-AB39-28139D09BC5D}.Debug|Any CPU.Build.0 = Debug|Any CPU
		{DDE88DB0-A318-4939-AB39-28139D09BC5D}.Release|Any CPU.ActiveCfg = Release|Any CPU
		{DDE88DB0-A318-4939-AB39-28139D09BC5D}.Release|Any CPU.Build.0 = Release|Any CPU
		{0756BFDA-EE0C-478F-A9D7-134E6BC3CBDC}.Debug|Any CPU.ActiveCfg = Debug|Any CPU
		{0756BFDA-EE0C-478F-A9D7-134E6BC3CBDC}.Debug|Any CPU.Build.0 = Debug|Any CPU
		{0756BFDA-EE0C-478F-A9D7-134E6BC3CBDC}.Release|Any CPU.ActiveCfg = Release|Any CPU
		{0756BFDA-EE0C-478F-A9D7-134E6BC3CBDC}.Release|Any CPU.Build.0 = Release|Any CPU
	EndGlobalSection
	GlobalSection(SolutionProperties) = preSolution
		HideSolutionNode = FALSE
	EndGlobalSection
	GlobalSection(ExtensibilityGlobals) = postSolution
		SolutionGuid = {4B255A40-3A6E-4C6A-A9B6-F06FD156EE69}
	EndGlobalSection
EndGlobal
